<?xml version="1.0" encoding="utf-8"?>
<Project ToolsVersion="4.0" xmlns="http://schemas.microsoft.com/developer/msbuild/2003">
  <ItemGroup>
    <Filter Include="Zdrojové soubory">
      <UniqueIdentifier>{4FC737F1-C7A5-4376-A066-2A32D752A2FF}</UniqueIdentifier>
      <Extensions>cpp;c;cc;cxx;c++;cppm;ixx;def;odl;idl;hpj;bat;asm;asmx</Extensions>
    </Filter>
    <Filter Include="Hlavičkové soubory">
      <UniqueIdentifier>{93995380-89BD-4b04-88EB-625FBE52EBFB}</UniqueIdentifier>
      <Extensions>h;hh;hpp;hxx;h++;hm;inl;inc;ipp;xsd</Extensions>
    </Filter>
    <Filter Include="Soubory zdrojů">
      <UniqueIdentifier>{67DA6AB6-F800-4c08-8B7A-83BB121AAD01}</UniqueIdentifier>
      <Extensions>rc;ico;cur;bmp;dlg;rc2;rct;bin;rgs;gif;jpg;jpeg;jpe;resx;tiff;tif;png;wav;mfcribbon-ms</Extensions>
    </Filter>
    <Filter Include="Soubory zdrojů\Helpers">
      <UniqueIdentifier>{afa66b30-48ed-4117-bd02-d7453408af0d}</UniqueIdentifier>
    </Filter>
    <Filter Include="Soubory zdrojů\Commands">
      <UniqueIdentifier>{6220633b-bc07-4f22-a8ba-8b3e58739e04}</UniqueIdentifier>
    </Filter>
    <Filter Include="Soubory zdrojů\Parser">
      <UniqueIdentifier>{8f2211ac-e0f6-49f8-9a8c-f921f3900ed7}</UniqueIdentifier>
    </Filter>
    <Filter Include="Soubory zdrojů\Source\Parser\FuncMap">
      <UniqueIdentifier>{c4d72d5e-93a3-43d4-bbcc-adb28bf20464}</UniqueIdentifier>
    </Filter>
    <Filter Include="Soubory zdrojů\Source\Commands\cat">
      <UniqueIdentifier>{5e18c070-0b18-4750-b699-589122036894}</UniqueIdentifier>
    </Filter>
    <Filter Include="Soubory zdrojů\Source\Commands\pwd">
      <UniqueIdentifier>{8f1559c8-e4ed-4b15-9e5b-6befda61122d}</UniqueIdentifier>
    </Filter>
    <Filter Include="Soubory zdrojů\Source\Commands\clear">
      <UniqueIdentifier>{ee24b646-902d-4595-988a-ad160416c1fc}</UniqueIdentifier>
    </Filter>
    <Filter Include="Soubory zdrojů\Source\Commands\cd">
      <UniqueIdentifier>{da80c230-599e-4dc4-bcaf-8ed572bcb244}</UniqueIdentifier>
    </Filter>
    <Filter Include="Soubory zdrojů\Source\Commands\ls">
      <UniqueIdentifier>{ac755174-638e-476f-a1b7-3e01f365921b}</UniqueIdentifier>
    </Filter>
    <Filter Include="Soubory zdrojů\Source\Commands\mkdir">
      <UniqueIdentifier>{c0577da3-fb7c-48df-abd6-213f53949131}</UniqueIdentifier>
    </Filter>
    <Filter Include="Soubory zdrojů\Source\Commands\touch">
      <UniqueIdentifier>{5d9bafab-5bfc-46e8-8275-69ea89f1967f}</UniqueIdentifier>
    </Filter>
    <Filter Include="Soubory zdrojů\Source\Commands\rm">
      <UniqueIdentifier>{f3a6b4d8-5f68-4b5e-83c9-2c8cc3093e49}</UniqueIdentifier>
    </Filter>
    <Filter Include="Soubory zdrojů\Source\Commands\exit">
      <UniqueIdentifier>{34bfe8a0-dbf5-41df-86bb-aea4341f0d9f}</UniqueIdentifier>
    </Filter>
    <Filter Include="Soubory zdrojů\Source\Commands\echo">
      <UniqueIdentifier>{27917ceb-fefc-458a-a4ea-908ed707b71d}</UniqueIdentifier>
    </Filter>
  </ItemGroup>
  <ItemGroup>
    <ClCompile Include="Source\main.cpp">
      <Filter>Zdrojové soubory</Filter>
    </ClCompile>
    <ClCompile Include="Source\Helpers\Helpers.cpp">
      <Filter>Soubory zdrojů\Source\Helpers</Filter>
    </ClCompile>
    <ClCompile Include="Source\Commands\Commands.cpp">
      <Filter>Soubory zdrojů\Source\Commands</Filter>
    </ClCompile>
    <ClCompile Include="Source\Parser\FuncMap.cpp">
      <Filter>Soubory zdrojů\Source\Parser\FuncMap</Filter>
    </ClCompile>
    <ClCompile Include="Source\Parser\Parser.cpp">
      <Filter>Soubory zdrojů\Source\Parser</Filter>
    </ClCompile>
    <ClCompile Include="Source\Commands\cat.cpp">
      <Filter>Soubory zdrojů\Source\Commands\cat</Filter>
    </ClCompile>
    <ClCompile Include="Source\Commands\pwd.cpp">
      <Filter>Soubory zdrojů\Source\Commands\pwd</Filter>
    </ClCompile>
    <ClCompile Include="Source\Commands\clear.cpp">
      <Filter>Soubory zdrojů\Source\Commands\clear</Filter>
    </ClCompile>
    <ClCompile Include="Source\Commands\cd.cpp">
      <Filter>Soubory zdrojů\Source\Commands\cd</Filter>
    </ClCompile>
    <ClCompile Include="Source\Commands\ls.cpp">
      <Filter>Soubory zdrojů\Source\Commands\ls</Filter>
    </ClCompile>
    <ClCompile Include="Source\Commands\mkdir.cpp">
      <Filter>Soubory zdrojů\Source\Commands\mkdir</Filter>
    </ClCompile>
    <ClCompile Include="Source\Commands\touch.cpp">
      <Filter>Soubory zdrojů\Source\Commands\touch</Filter>
    </ClCompile>
    <ClCompile Include="Source\Commands\rm.cpp">
      <Filter>Soubory zdrojů\Source\Commands\rm</Filter>
    </ClCompile>
    <ClCompile Include="Source\Commands\exit.cpp">
      <Filter>Soubory zdrojů\Source\Commands\exit</Filter>
    </ClCompile>
    <ClCompile Include="Source\Commands\echo.cpp">
      <Filter>Soubory zdrojů\Source\Commands\echo</Filter>
    </ClCompile>
  </ItemGroup>
  <ItemGroup>
    <ClInclude Include="Source\Helpers\Helpers.hpp">
      <Filter>Soubory zdrojů\Source\Helpers</Filter>
    </ClInclude>
    <ClInclude Include="Source\Commands\Commands.hpp">
      <Filter>Soubory zdrojů\Source\Commands</Filter>
    </ClInclude>
    <ClInclude Include="Source\Parser\FuncMap.hpp">
      <Filter>Soubory zdrojů\Source\Parser\FuncMap</Filter>
    </ClInclude>
    <ClInclude Include="Source\Parser\Parser.hpp">
      <Filter>Soubory zdrojů\Source\Parser</Filter>
    </ClInclude>
  </ItemGroup>
</Project>